Microsoft Visual Studio Solution File, Format Version 11.00
# Visual Studio 2008

Project("{44D2C012-9458-F5DB-EEE0-66750C5988C0}") = "HexagonalPathfinding", "Assembly-CSharp.csproj", "{CAA16CC9-F234-CB0C-E9BE-E74E99AB6987}"
EndProject
Global
	GlobalSection(SolutionConfigurationPlatforms) = preSolution
		Debug|Any CPU = Debug|Any CPU
		Release|Any CPU = Release|Any CPU
	EndGlobalSection
	GlobalSection(ProjectConfigurationPlatforms) = postSolution
		{CAA16CC9-F234-CB0C-E9BE-E74E99AB6987}.Debug|Any CPU.ActiveCfg = Debug|Any CPU
		{CAA16CC9-F234-CB0C-E9BE-E74E99AB6987}.Debug|Any CPU.Build.0 = Debug|Any CPU
		{CAA16CC9-F234-CB0C-E9BE-E74E99AB6987}.Release|Any CPU.ActiveCfg = Release|Any CPU
		{CAA16CC9-F234-CB0C-E9BE-E74E99AB6987}.Release|Any CPU.Build.0 = Release|Any CPU
	EndGlobalSection
	GlobalSection(SolutionProperties) = preSolution
		HideSolutionNode = FALSE
	EndGlobalSection
	GlobalSection(MonoDevelopProperties) = preSolution
		StartupItem = Assembly-CSharp.csproj
		Policies = $0
		$0.TextStylePolicy = $1
		$1.inheritsSet = null
		$1.scope = text/x-csharp
		$0.CSharpFormattingPolicy = $2
		$2.inheritsSet = Mono
		$2.inheritsScope = text/x-csharp
		$2.scope = text/x-csharp
		$0.TextStylePolicy = $3
		$3.FileWidth = 120
		$3.TabWidth = 4
		$3.EolMarker = Unix
		$3.inheritsSet = Mono
		$3.inheritsScope = text/plain
		$3.scope = text/plain
	EndGlobalSection
EndGlobal
